// !$*UTF8*$!
{
	archiveVersion = 1;
	classes = {
	};
	objectVersion = 50;
	objects = {

/* Begin PBXBuildFile section */
		95312ED720DEA78E00132B4C /* Updatable.swift in Sources */ = {isa = PBXBuildFile; fileRef = 95312ED620DEA78E00132B4C /* Updatable.swift */; };
		95312ED920DEA7B700132B4C /* UIView+Additions.swift in Sources */ = {isa = PBXBuildFile; fileRef = 95312ED820DEA7B700132B4C /* UIView+Additions.swift */; };
		95312EDB20DEA94400132B4C /* TableViewPresentable.swift in Sources */ = {isa = PBXBuildFile; fileRef = 95312EDA20DEA94400132B4C /* TableViewPresentable.swift */; };
		95312EDD20DEC6CD00132B4C /* EmptyStatePresenting.swift in Sources */ = {isa = PBXBuildFile; fileRef = 95312EDC20DEC6CD00132B4C /* EmptyStatePresenting.swift */; };
		95312EE120DF12DB00132B4C /* MenuGroupVC.swift in Sources */ = {isa = PBXBuildFile; fileRef = 95312EE020DF12DB00132B4C /* MenuGroupVC.swift */; };
		95312EE320DF141200132B4C /* SegueHandler.swift in Sources */ = {isa = PBXBuildFile; fileRef = 95312EE220DF141200132B4C /* SegueHandler.swift */; };
		95312EE520E1593D00132B4C /* MenuGroupCell.swift in Sources */ = {isa = PBXBuildFile; fileRef = 95312EE420E1593D00132B4C /* MenuGroupCell.swift */; };
		95312EE720E159B700132B4C /* MenuGroupViewData.swift in Sources */ = {isa = PBXBuildFile; fileRef = 95312EE620E159B700132B4C /* MenuGroupViewData.swift */; };
		95312EE920E186D000132B4C /* MenuGroupCell.xib in Resources */ = {isa = PBXBuildFile; fileRef = 95312EE820E186D000132B4C /* MenuGroupCell.xib */; };
		95312EED20E27B8A00132B4C /* Menu.xcdatamodeld in Sources */ = {isa = PBXBuildFile; fileRef = 95312EEB20E27B8A00132B4C /* Menu.xcdatamodeld */; };
		95312EEF20E27EA200132B4C /* CoreDataManager.swift in Sources */ = {isa = PBXBuildFile; fileRef = 95312EEE20E27EA200132B4C /* CoreDataManager.swift */; };
		95312EF120E281A500132B4C /* DBManager.swift in Sources */ = {isa = PBXBuildFile; fileRef = 95312EF020E281A500132B4C /* DBManager.swift */; };
		9576B94320DE83EC00D2E328 /* AppDelegate.swift in Sources */ = {isa = PBXBuildFile; fileRef = 9576B94220DE83EC00D2E328 /* AppDelegate.swift */; };
		9576B94520DE83EC00D2E328 /* MenuGroupListVC.swift in Sources */ = {isa = PBXBuildFile; fileRef = 9576B94420DE83EC00D2E328 /* MenuGroupListVC.swift */; };
		9576B94820DE83EC00D2E328 /* Main.storyboard in Resources */ = {isa = PBXBuildFile; fileRef = 9576B94620DE83EC00D2E328 /* Main.storyboard */; };
		9576B94A20DE83F200D2E328 /* Assets.xcassets in Resources */ = {isa = PBXBuildFile; fileRef = 9576B94920DE83F200D2E328 /* Assets.xcassets */; };
		9576B94D20DE83F200D2E328 /* LaunchScreen.storyboard in Resources */ = {isa = PBXBuildFile; fileRef = 9576B94B20DE83F200D2E328 /* LaunchScreen.storyboard */; };
		9576B95520DE9FDA00D2E328 /* MenuGroupListInteractor.swift in Sources */ = {isa = PBXBuildFile; fileRef = 9576B95420DE9FDA00D2E328 /* MenuGroupListInteractor.swift */; };
		9576B95B20DEA4D100D2E328 /* ViewModel.swift in Sources */ = {isa = PBXBuildFile; fileRef = 9576B95A20DEA4D100D2E328 /* ViewModel.swift */; };
		9582E44620E2E1E4009CAAFA /* Localizable.strings in Resources */ = {isa = PBXBuildFile; fileRef = 9582E44520E2E1E4009CAAFA /* Localizable.strings */; };
		9582E44E20E2F9F6009CAAFA /* MenuDemoTests.swift in Sources */ = {isa = PBXBuildFile; fileRef = 9582E44D20E2F9F6009CAAFA /* MenuDemoTests.swift */; };
		9582E45520E2FC0E009CAAFA /* Menu.xcdatamodeld in Sources */ = {isa = PBXBuildFile; fileRef = 95312EEB20E27B8A00132B4C /* Menu.xcdatamodeld */; };
		95DDB19020E2A8DC000569B4 /* Image+Additions.swift in Sources */ = {isa = PBXBuildFile; fileRef = 95DDB18F20E2A8DC000569B4 /* Image+Additions.swift */; };
		95EE19DF20E3A656009AD107 /* Error.swift in Sources */ = {isa = PBXBuildFile; fileRef = 95EE19DE20E3A656009AD107 /* Error.swift */; };
		95EE19E120E3A7E9009AD107 /* ErrorPresenting.swift in Sources */ = {isa = PBXBuildFile; fileRef = 95EE19E020E3A7E9009AD107 /* ErrorPresenting.swift */; };
		95EE19E420E3ACD8009AD107 /* MenuItemListVC.swift in Sources */ = {isa = PBXBuildFile; fileRef = 95EE19E320E3ACD8009AD107 /* MenuItemListVC.swift */; };
		95EE19E620E3ADAA009AD107 /* MenuItemListInteractor.swift in Sources */ = {isa = PBXBuildFile; fileRef = 95EE19E520E3ADAA009AD107 /* MenuItemListInteractor.swift */; };
		95EE19E820E3AE40009AD107 /* MenuItemCell.swift in Sources */ = {isa = PBXBuildFile; fileRef = 95EE19E720E3AE40009AD107 /* MenuItemCell.swift */; };
		95EE19EA20E3AE6D009AD107 /* MenuItemViewData.swift in Sources */ = {isa = PBXBuildFile; fileRef = 95EE19E920E3AE6D009AD107 /* MenuItemViewData.swift */; };
		95EE19F120E46E3D009AD107 /* MenuItemVC.swift in Sources */ = {isa = PBXBuildFile; fileRef = 95EE19F020E46E3D009AD107 /* MenuItemVC.swift */; };
		95EE19F320E46F77009AD107 /* MenuItemCell.xib in Resources */ = {isa = PBXBuildFile; fileRef = 95EE19F220E46F77009AD107 /* MenuItemCell.xib */; };
		95EE19F520E50240009AD107 /* UIImage+Additions.swift in Sources */ = {isa = PBXBuildFile; fileRef = 95EE19F420E50240009AD107 /* UIImage+Additions.swift */; };
		95EE19F720E50771009AD107 /* Formatter.swift in Sources */ = {isa = PBXBuildFile; fileRef = 95EE19F620E50770009AD107 /* Formatter.swift */; };
		95EE19F920E51956009AD107 /* InteractorOutput.swift in Sources */ = {isa = PBXBuildFile; fileRef = 95EE19F820E51956009AD107 /* InteractorOutput.swift */; };
/* End PBXBuildFile section */

/* Begin PBXContainerItemProxy section */
		9582E45020E2F9F6009CAAFA /* PBXContainerItemProxy */ = {
			isa = PBXContainerItemProxy;
			containerPortal = 9576B93720DE83EC00D2E328 /* Project object */;
			proxyType = 1;
			remoteGlobalIDString = 9576B93E20DE83EC00D2E328;
			remoteInfo = MenuDemo;
		};
/* End PBXContainerItemProxy section */

/* Begin PBXFileReference section */
		95312ED620DEA78E00132B4C /* Updatable.swift */ = {isa = PBXFileReference; lastKnownFileType = sourcecode.swift; path = Updatable.swift; sourceTree = "<group>"; };
		95312ED820DEA7B700132B4C /* UIView+Additions.swift */ = {isa = PBXFileReference; lastKnownFileType = sourcecode.swift; path = "UIView+Additions.swift"; sourceTree = "<group>"; };
		95312EDA20DEA94400132B4C /* TableViewPresentable.swift */ = {isa = PBXFileReference; lastKnownFileType = sourcecode.swift; path = TableViewPresentable.swift; sourceTree = "<group>"; };
		95312EDC20DEC6CD00132B4C /* EmptyStatePresenting.swift */ = {isa = PBXFileReference; lastKnownFileType = sourcecode.swift; path = EmptyStatePresenting.swift; sourceTree = "<group>"; };
		95312EE020DF12DB00132B4C /* MenuGroupVC.swift */ = {isa = PBXFileReference; lastKnownFileType = sourcecode.swift; path = MenuGroupVC.swift; sourceTree = "<group>"; };
		95312EE220DF141200132B4C /* SegueHandler.swift */ = {isa = PBXFileReference; lastKnownFileType = sourcecode.swift; path = SegueHandler.swift; sourceTree = "<group>"; };
		95312EE420E1593D00132B4C /* MenuGroupCell.swift */ = {isa = PBXFileReference; lastKnownFileType = sourcecode.swift; path = MenuGroupCell.swift; sourceTree = "<group>"; };
		95312EE620E159B700132B4C /* MenuGroupViewData.swift */ = {isa = PBXFileReference; lastKnownFileType = sourcecode.swift; path = MenuGroupViewData.swift; sourceTree = "<group>"; };
		95312EE820E186D000132B4C /* MenuGroupCell.xib */ = {isa = PBXFileReference; lastKnownFileType = file.xib; path = MenuGroupCell.xib; sourceTree = "<group>"; };
		95312EEC20E27B8A00132B4C /* Menu.xcdatamodel */ = {isa = PBXFileReference; lastKnownFileType = wrapper.xcdatamodel; path = Menu.xcdatamodel; sourceTree = "<group>"; };
		95312EEE20E27EA200132B4C /* CoreDataManager.swift */ = {isa = PBXFileReference; lastKnownFileType = sourcecode.swift; path = CoreDataManager.swift; sourceTree = "<group>"; };
		95312EF020E281A500132B4C /* DBManager.swift */ = {isa = PBXFileReference; lastKnownFileType = sourcecode.swift; path = DBManager.swift; sourceTree = "<group>"; };
		9576B93F20DE83EC00D2E328 /* MenuDemo.app */ = {isa = PBXFileReference; explicitFileType = wrapper.application; includeInIndex = 0; path = MenuDemo.app; sourceTree = BUILT_PRODUCTS_DIR; };
		9576B94220DE83EC00D2E328 /* AppDelegate.swift */ = {isa = PBXFileReference; lastKnownFileType = sourcecode.swift; path = AppDelegate.swift; sourceTree = "<group>"; };
		9576B94420DE83EC00D2E328 /* MenuGroupListVC.swift */ = {isa = PBXFileReference; lastKnownFileType = sourcecode.swift; path = MenuGroupListVC.swift; sourceTree = "<group>"; };
		9576B94720DE83EC00D2E328 /* Base */ = {isa = PBXFileReference; lastKnownFileType = file.storyboard; name = Base; path = Base.lproj/Main.storyboard; sourceTree = "<group>"; };
		9576B94920DE83F200D2E328 /* Assets.xcassets */ = {isa = PBXFileReference; lastKnownFileType = folder.assetcatalog; path = Assets.xcassets; sourceTree = "<group>"; };
		9576B94C20DE83F200D2E328 /* Base */ = {isa = PBXFileReference; lastKnownFileType = file.storyboard; name = Base; path = Base.lproj/LaunchScreen.storyboard; sourceTree = "<group>"; };
		9576B94E20DE83F200D2E328 /* Info.plist */ = {isa = PBXFileReference; lastKnownFileType = text.plist.xml; path = Info.plist; sourceTree = "<group>"; };
		9576B95420DE9FDA00D2E328 /* MenuGroupListInteractor.swift */ = {isa = PBXFileReference; lastKnownFileType = sourcecode.swift; path = MenuGroupListInteractor.swift; sourceTree = "<group>"; };
		9576B95A20DEA4D100D2E328 /* ViewModel.swift */ = {isa = PBXFileReference; lastKnownFileType = sourcecode.swift; path = ViewModel.swift; sourceTree = "<group>"; };
		9582E44520E2E1E4009CAAFA /* Localizable.strings */ = {isa = PBXFileReference; lastKnownFileType = text.plist.strings; path = Localizable.strings; sourceTree = "<group>"; };
		9582E44B20E2F9F5009CAAFA /* MenuDemoTests.xctest */ = {isa = PBXFileReference; explicitFileType = wrapper.cfbundle; includeInIndex = 0; path = MenuDemoTests.xctest; sourceTree = BUILT_PRODUCTS_DIR; };
		9582E44D20E2F9F6009CAAFA /* MenuDemoTests.swift */ = {isa = PBXFileReference; lastKnownFileType = sourcecode.swift; path = MenuDemoTests.swift; sourceTree = "<group>"; };
		9582E44F20E2F9F6009CAAFA /* Info.plist */ = {isa = PBXFileReference; lastKnownFileType = text.plist.xml; path = Info.plist; sourceTree = "<group>"; };
		95DDB18F20E2A8DC000569B4 /* Image+Additions.swift */ = {isa = PBXFileReference; lastKnownFileType = sourcecode.swift; path = "Image+Additions.swift"; sourceTree = "<group>"; };
		95EE19DE20E3A656009AD107 /* Error.swift */ = {isa = PBXFileReference; lastKnownFileType = sourcecode.swift; path = Error.swift; sourceTree = "<group>"; };
		95EE19E020E3A7E9009AD107 /* ErrorPresenting.swift */ = {isa = PBXFileReference; lastKnownFileType = sourcecode.swift; path = ErrorPresenting.swift; sourceTree = "<group>"; };
		95EE19E320E3ACD8009AD107 /* MenuItemListVC.swift */ = {isa = PBXFileReference; lastKnownFileType = sourcecode.swift; path = MenuItemListVC.swift; sourceTree = "<group>"; };
		95EE19E520E3ADAA009AD107 /* MenuItemListInteractor.swift */ = {isa = PBXFileReference; lastKnownFileType = sourcecode.swift; path = MenuItemListInteractor.swift; sourceTree = "<group>"; };
		95EE19E720E3AE40009AD107 /* MenuItemCell.swift */ = {isa = PBXFileReference; lastKnownFileType = sourcecode.swift; path = MenuItemCell.swift; sourceTree = "<group>"; };
		95EE19E920E3AE6D009AD107 /* MenuItemViewData.swift */ = {isa = PBXFileReference; lastKnownFileType = sourcecode.swift; path = MenuItemViewData.swift; sourceTree = "<group>"; };
		95EE19F020E46E3D009AD107 /* MenuItemVC.swift */ = {isa = PBXFileReference; lastKnownFileType = sourcecode.swift; path = MenuItemVC.swift; sourceTree = "<group>"; };
		95EE19F220E46F77009AD107 /* MenuItemCell.xib */ = {isa = PBXFileReference; lastKnownFileType = file.xib; path = MenuItemCell.xib; sourceTree = "<group>"; };
		95EE19F420E50240009AD107 /* UIImage+Additions.swift */ = {isa = PBXFileReference; lastKnownFileType = sourcecode.swift; path = "UIImage+Additions.swift"; sourceTree = "<group>"; };
		95EE19F620E50770009AD107 /* Formatter.swift */ = {isa = PBXFileReference; lastKnownFileType = sourcecode.swift; path = Formatter.swift; sourceTree = "<group>"; };
		95EE19F820E51956009AD107 /* InteractorOutput.swift */ = {isa = PBXFileReference; lastKnownFileType = sourcecode.swift; path = InteractorOutput.swift; sourceTree = "<group>"; };
/* End PBXFileReference section */

/* Begin PBXFrameworksBuildPhase section */
		9576B93C20DE83EC00D2E328 /* Frameworks */ = {
			isa = PBXFrameworksBuildPhase;
			buildActionMask = 2147483647;
			files = (
			);
			runOnlyForDeploymentPostprocessing = 0;
		};
		9582E44820E2F9F5009CAAFA /* Frameworks */ = {
			isa = PBXFrameworksBuildPhase;
			buildActionMask = 2147483647;
			files = (
			);
			runOnlyForDeploymentPostprocessing = 0;
		};
/* End PBXFrameworksBuildPhase section */

/* Begin PBXGroup section */
		95312ED520DEA77300132B4C /* Shared */ = {
			isa = PBXGroup;
			children = (
				95312EEE20E27EA200132B4C /* CoreDataManager.swift */,
				95312EF020E281A500132B4C /* DBManager.swift */,
				95EE19DE20E3A656009AD107 /* Error.swift */,
				95EE19F620E50770009AD107 /* Formatter.swift */,
				95EE19F420E50240009AD107 /* UIImage+Additions.swift */,
				95312ED820DEA7B700132B4C /* UIView+Additions.swift */,
				9576B95A20DEA4D100D2E328 /* ViewModel.swift */,
				95EE19FA20E51C63009AD107 /* Protocols */,
			);
			path = Shared;
			sourceTree = "<group>";
		};
		95312EEA20E27B6200132B4C /* Core Data */ = {
			isa = PBXGroup;
			children = (
				95312EEB20E27B8A00132B4C /* Menu.xcdatamodeld */,
				95DDB18F20E2A8DC000569B4 /* Image+Additions.swift */,
			);
			path = "Core Data";
			sourceTree = "<group>";
		};
		9576B93620DE83EC00D2E328 = {
			isa = PBXGroup;
			children = (
				9576B94120DE83EC00D2E328 /* MenuDemo */,
				9582E44C20E2F9F6009CAAFA /* MenuDemoTests */,
				9576B94020DE83EC00D2E328 /* Products */,
			);
			sourceTree = "<group>";
		};
		9576B94020DE83EC00D2E328 /* Products */ = {
			isa = PBXGroup;
			children = (
				9576B93F20DE83EC00D2E328 /* MenuDemo.app */,
				9582E44B20E2F9F5009CAAFA /* MenuDemoTests.xctest */,
			);
			name = Products;
			sourceTree = "<group>";
		};
		9576B94120DE83EC00D2E328 /* MenuDemo */ = {
			isa = PBXGroup;
			children = (
				95312EEA20E27B6200132B4C /* Core Data */,
				9576B95920DEA0EE00D2E328 /* Resources */,
				9576B95720DEA0B000D2E328 /* Sources */,
				9576B95620DEA09C00D2E328 /* Supporting Files */,
			);
			path = MenuDemo;
			sourceTree = "<group>";
		};
		9576B95620DEA09C00D2E328 /* Supporting Files */ = {
			isa = PBXGroup;
			children = (
				9576B94E20DE83F200D2E328 /* Info.plist */,
			);
			path = "Supporting Files";
			sourceTree = "<group>";
		};
		9576B95720DEA0B000D2E328 /* Sources */ = {
			isa = PBXGroup;
			children = (
				9576B94220DE83EC00D2E328 /* AppDelegate.swift */,
				9576B95820DEA0C100D2E328 /* Menu Group List */,
				95EE19E220E3ACAB009AD107 /* Menu Item List */,
				95312ED520DEA77300132B4C /* Shared */,
			);
			path = Sources;
			sourceTree = "<group>";
		};
		9576B95820DEA0C100D2E328 /* Menu Group List */ = {
			isa = PBXGroup;
			children = (
				95312EE420E1593D00132B4C /* MenuGroupCell.swift */,
				95312EE820E186D000132B4C /* MenuGroupCell.xib */,
				9576B95420DE9FDA00D2E328 /* MenuGroupListInteractor.swift */,
				9576B94420DE83EC00D2E328 /* MenuGroupListVC.swift */,
				95312EE020DF12DB00132B4C /* MenuGroupVC.swift */,
				95312EE620E159B700132B4C /* MenuGroupViewData.swift */,
			);
			path = "Menu Group List";
			sourceTree = "<group>";
		};
		9576B95920DEA0EE00D2E328 /* Resources */ = {
			isa = PBXGroup;
			children = (
				9576B94920DE83F200D2E328 /* Assets.xcassets */,
				9576B94B20DE83F200D2E328 /* LaunchScreen.storyboard */,
				9582E44520E2E1E4009CAAFA /* Localizable.strings */,
				9576B94620DE83EC00D2E328 /* Main.storyboard */,
			);
			path = Resources;
			sourceTree = "<group>";
		};
		9582E44C20E2F9F6009CAAFA /* MenuDemoTests */ = {
			isa = PBXGroup;
			children = (
				9582E44D20E2F9F6009CAAFA /* MenuDemoTests.swift */,
				9582E44F20E2F9F6009CAAFA /* Info.plist */,
			);
			path = MenuDemoTests;
			sourceTree = "<group>";
		};
		95EE19E220E3ACAB009AD107 /* Menu Item List */ = {
			isa = PBXGroup;
			children = (
				95EE19E720E3AE40009AD107 /* MenuItemCell.swift */,
				95EE19F220E46F77009AD107 /* MenuItemCell.xib */,
				95EE19E520E3ADAA009AD107 /* MenuItemListInteractor.swift */,
				95EE19E320E3ACD8009AD107 /* MenuItemListVC.swift */,
				95EE19F020E46E3D009AD107 /* MenuItemVC.swift */,
				95EE19E920E3AE6D009AD107 /* MenuItemViewData.swift */,
			);
			path = "Menu Item List";
			sourceTree = "<group>";
		};
		95EE19FA20E51C63009AD107 /* Protocols */ = {
			isa = PBXGroup;
			children = (
				95312EDC20DEC6CD00132B4C /* EmptyStatePresenting.swift */,
				95EE19E020E3A7E9009AD107 /* ErrorPresenting.swift */,
				95EE19F820E51956009AD107 /* InteractorOutput.swift */,
				95312EE220DF141200132B4C /* SegueHandler.swift */,
				95312EDA20DEA94400132B4C /* TableViewPresentable.swift */,
				95312ED620DEA78E00132B4C /* Updatable.swift */,
			);
			path = Protocols;
			sourceTree = "<group>";
		};
/* End PBXGroup section */

/* Begin PBXNativeTarget section */
		9576B93E20DE83EC00D2E328 /* MenuDemo */ = {
			isa = PBXNativeTarget;
			buildConfigurationList = 9576B95120DE83F200D2E328 /* Build configuration list for PBXNativeTarget "MenuDemo" */;
			buildPhases = (
				9576B93B20DE83EC00D2E328 /* Sources */,
				9576B93C20DE83EC00D2E328 /* Frameworks */,
				9576B93D20DE83EC00D2E328 /* Resources */,
			);
			buildRules = (
			);
			dependencies = (
			);
			name = MenuDemo;
			productName = MenuDemo;
			productReference = 9576B93F20DE83EC00D2E328 /* MenuDemo.app */;
			productType = "com.apple.product-type.application";
		};
		9582E44A20E2F9F5009CAAFA /* MenuDemoTests */ = {
			isa = PBXNativeTarget;
			buildConfigurationList = 9582E45220E2F9F6009CAAFA /* Build configuration list for PBXNativeTarget "MenuDemoTests" */;
			buildPhases = (
				9582E44720E2F9F5009CAAFA /* Sources */,
				9582E44820E2F9F5009CAAFA /* Frameworks */,
				9582E44920E2F9F5009CAAFA /* Resources */,
			);
			buildRules = (
			);
			dependencies = (
				9582E45120E2F9F6009CAAFA /* PBXTargetDependency */,
			);
			name = MenuDemoTests;
			productName = MenuDemoTests;
			productReference = 9582E44B20E2F9F5009CAAFA /* MenuDemoTests.xctest */;
			productType = "com.apple.product-type.bundle.unit-test";
		};
/* End PBXNativeTarget section */

/* Begin PBXProject section */
		9576B93720DE83EC00D2E328 /* Project object */ = {
			isa = PBXProject;
			attributes = {
				LastSwiftUpdateCheck = 0940;
				LastUpgradeCheck = 0940;
				ORGANIZATIONNAME = BuildCode;
				TargetAttributes = {
					9576B93E20DE83EC00D2E328 = {
						CreatedOnToolsVersion = 9.4;
					};
					9582E44A20E2F9F5009CAAFA = {
						CreatedOnToolsVersion = 9.4;
						TestTargetID = 9576B93E20DE83EC00D2E328;
					};
				};
			};
			buildConfigurationList = 9576B93A20DE83EC00D2E328 /* Build configuration list for PBXProject "MenuDemo" */;
			compatibilityVersion = "Xcode 9.3";
			developmentRegion = en;
			hasScannedForEncodings = 0;
			knownRegions = (
				en,
				Base,
			);
			mainGroup = 9576B93620DE83EC00D2E328;
			productRefGroup = 9576B94020DE83EC00D2E328 /* Products */;
			projectDirPath = "";
			projectRoot = "";
			targets = (
				9576B93E20DE83EC00D2E328 /* MenuDemo */,
				9582E44A20E2F9F5009CAAFA /* MenuDemoTests */,
			);
		};
/* End PBXProject section */

/* Begin PBXResourcesBuildPhase section */
		9576B93D20DE83EC00D2E328 /* Resources */ = {
			isa = PBXResourcesBuildPhase;
			buildActionMask = 2147483647;
			files = (
				9582E44620E2E1E4009CAAFA /* Localizable.strings in Resources */,
				95EE19F320E46F77009AD107 /* MenuItemCell.xib in Resources */,
				95312EE920E186D000132B4C /* MenuGroupCell.xib in Resources */,
				9576B94D20DE83F200D2E328 /* LaunchScreen.storyboard in Resources */,
				9576B94A20DE83F200D2E328 /* Assets.xcassets in Resources */,
				9576B94820DE83EC00D2E328 /* Main.storyboard in Resources */,
			);
			runOnlyForDeploymentPostprocessing = 0;
		};
		9582E44920E2F9F5009CAAFA /* Resources */ = {
			isa = PBXResourcesBuildPhase;
			buildActionMask = 2147483647;
			files = (
			);
			runOnlyForDeploymentPostprocessing = 0;
		};
/* End PBXResourcesBuildPhase section */

/* Begin PBXSourcesBuildPhase section */
		9576B93B20DE83EC00D2E328 /* Sources */ = {
			isa = PBXSourcesBuildPhase;
			buildActionMask = 2147483647;
			files = (
				95DDB19020E2A8DC000569B4 /* Image+Additions.swift in Sources */,
				95312ED920DEA7B700132B4C /* UIView+Additions.swift in Sources */,
				95EE19E420E3ACD8009AD107 /* MenuItemListVC.swift in Sources */,
				9576B94520DE83EC00D2E328 /* MenuGroupListVC.swift in Sources */,
				95312EE720E159B700132B4C /* MenuGroupViewData.swift in Sources */,
				95EE19F520E50240009AD107 /* UIImage+Additions.swift in Sources */,
				9576B95B20DEA4D100D2E328 /* ViewModel.swift in Sources */,
				95EE19F920E51956009AD107 /* InteractorOutput.swift in Sources */,
				95312EED20E27B8A00132B4C /* Menu.xcdatamodeld in Sources */,
				95312ED720DEA78E00132B4C /* Updatable.swift in Sources */,
				95312EDD20DEC6CD00132B4C /* EmptyStatePresenting.swift in Sources */,
				95312EE120DF12DB00132B4C /* MenuGroupVC.swift in Sources */,
				95EE19DF20E3A656009AD107 /* Error.swift in Sources */,
				95312EE520E1593D00132B4C /* MenuGroupCell.swift in Sources */,
				95EE19EA20E3AE6D009AD107 /* MenuItemViewData.swift in Sources */,
				95EE19F120E46E3D009AD107 /* MenuItemVC.swift in Sources */,
				95312EE320DF141200132B4C /* SegueHandler.swift in Sources */,
				95312EF120E281A500132B4C /* DBManager.swift in Sources */,
				95EE19F720E50771009AD107 /* Formatter.swift in Sources */,
				9576B95520DE9FDA00D2E328 /* MenuGroupListInteractor.swift in Sources */,
				9576B94320DE83EC00D2E328 /* AppDelegate.swift in Sources */,
				95EE19E120E3A7E9009AD107 /* ErrorPresenting.swift in Sources */,
				95312EEF20E27EA200132B4C /* CoreDataManager.swift in Sources */,
				95EE19E820E3AE40009AD107 /* MenuItemCell.swift in Sources */,
				95EE19E620E3ADAA009AD107 /* MenuItemListInteractor.swift in Sources */,
				95312EDB20DEA94400132B4C /* TableViewPresentable.swift in Sources */,
			);
			runOnlyForDeploymentPostprocessing = 0;
		};
		9582E44720E2F9F5009CAAFA /* Sources */ = {
			isa = PBXSourcesBuildPhase;
			buildActionMask = 2147483647;
			files = (
				9582E45520E2FC0E009CAAFA /* Menu.xcdatamodeld in Sources */,
				9582E44E20E2F9F6009CAAFA /* MenuDemoTests.swift in Sources */,
			);
			runOnlyForDeploymentPostprocessing = 0;
		};
/* End PBXSourcesBuildPhase section */

/* Begin PBXTargetDependency section */
		9582E45120E2F9F6009CAAFA /* PBXTargetDependency */ = {
			isa = PBXTargetDependency;
			target = 9576B93E20DE83EC00D2E328 /* MenuDemo */;
			targetProxy = 9582E45020E2F9F6009CAAFA /* PBXContainerItemProxy */;
		};
/* End PBXTargetDependency section */

/* Begin PBXVariantGroup section */
		9576B94620DE83EC00D2E328 /* Main.storyboard */ = {
			isa = PBXVariantGroup;
			children = (
				9576B94720DE83EC00D2E328 /* Base */,
			);
			name = Main.storyboard;
			sourceTree = "<group>";
		};
		9576B94B20DE83F200D2E328 /* LaunchScreen.storyboard */ = {
			isa = PBXVariantGroup;
			children = (
				9576B94C20DE83F200D2E328 /* Base */,
			);
			name = LaunchScreen.storyboard;
			sourceTree = "<group>";
		};
/* End PBXVariantGroup section */

/* Begin XCBuildConfiguration section */
		9576B94F20DE83F200D2E328 /* Debug */ = {
			isa = XCBuildConfiguration;
			buildSettings = {
				ALWAYS_SEARCH_USER_PATHS = NO;
				CLANG_ANALYZER_NONNULL = YES;
				CLANG_ANALYZER_NUMBER_OBJECT_CONVERSION = YES_AGGRESSIVE;
				CLANG_CXX_LANGUAGE_STANDARD = "gnu++14";
				CLANG_CXX_LIBRARY = "libc++";
				CLANG_ENABLE_MODULES = YES;
				CLANG_ENABLE_OBJC_ARC = YES;
				CLANG_ENABLE_OBJC_WEAK = YES;
				CLANG_WARN_BLOCK_CAPTURE_AUTORELEASING = YES;
				CLANG_WARN_BOOL_CONVERSION = YES;
				CLANG_WARN_COMMA = YES;
				CLANG_WARN_CONSTANT_CONVERSION = YES;
				CLANG_WARN_DEPRECATED_OBJC_IMPLEMENTATIONS = YES;
				CLANG_WARN_DIRECT_OBJC_ISA_USAGE = YES_ERROR;
				CLANG_WARN_DOCUMENTATION_COMMENTS = YES;
				CLANG_WARN_EMPTY_BODY = YES;
				CLANG_WARN_ENUM_CONVERSION = YES;
				CLANG_WARN_INFINITE_RECURSION = YES;
				CLANG_WARN_INT_CONVERSION = YES;
				CLANG_WARN_NON_LITERAL_NULL_CONVERSION = YES;
				CLANG_WARN_OBJC_IMPLICIT_RETAIN_SELF = YES;
				CLANG_WARN_OBJC_LITERAL_CONVERSION = YES;
				CLANG_WARN_OBJC_ROOT_CLASS = YES_ERROR;
				CLANG_WARN_RANGE_LOOP_ANALYSIS = YES;
				CLANG_WARN_STRICT_PROTOTYPES = YES;
				CLANG_WARN_SUSPICIOUS_MOVE = YES;
				CLANG_WARN_UNGUARDED_AVAILABILITY = YES_AGGRESSIVE;
				CLANG_WARN_UNREACHABLE_CODE = YES;
				CLANG_WARN__DUPLICATE_METHOD_MATCH = YES;
				CODE_SIGN_IDENTITY = "iPhone Developer";
				COPY_PHASE_STRIP = NO;
				DEBUG_INFORMATION_FORMAT = dwarf;
				ENABLE_STRICT_OBJC_MSGSEND = YES;
				ENABLE_TESTABILITY = YES;
				GCC_C_LANGUAGE_STANDARD = gnu11;
				GCC_DYNAMIC_NO_PIC = NO;
				GCC_NO_COMMON_BLOCKS = YES;
				GCC_OPTIMIZATION_LEVEL = 0;
				GCC_PREPROCESSOR_DEFINITIONS = (
					"DEBUG=1",
					"$(inherited)",
				);
				GCC_WARN_64_TO_32_BIT_CONVERSION = YES;
				GCC_WARN_ABOUT_RETURN_TYPE = YES_ERROR;
				GCC_WARN_UNDECLARED_SELECTOR = YES;
				GCC_WARN_UNINITIALIZED_AUTOS = YES_AGGRESSIVE;
				GCC_WARN_UNUSED_FUNCTION = YES;
				GCC_WARN_UNUSED_VARIABLE = YES;
				IPHONEOS_DEPLOYMENT_TARGET = 11.4;
				MTL_ENABLE_DEBUG_INFO = YES;
				ONLY_ACTIVE_ARCH = YES;
				SDKROOT = iphoneos;
				SWIFT_ACTIVE_COMPILATION_CONDITIONS = DEBUG;
				SWIFT_OPTIMIZATION_LEVEL = "-Onone";
			};
			name = Debug;
		};
		9576B95020DE83F200D2E328 /* Release */ = {
			isa = XCBuildConfiguration;
			buildSettings = {
				ALWAYS_SEARCH_USER_PATHS = NO;
				CLANG_ANALYZER_NONNULL = YES;
				CLANG_ANALYZER_NUMBER_OBJECT_CONVERSION = YES_AGGRESSIVE;
				CLANG_CXX_LANGUAGE_STANDARD = "gnu++14";
				CLANG_CXX_LIBRARY = "libc++";
				CLANG_ENABLE_MODULES = YES;
				CLANG_ENABLE_OBJC_ARC = YES;
				CLANG_ENABLE_OBJC_WEAK = YES;
				CLANG_WARN_BLOCK_CAPTURE_AUTORELEASING = YES;
				CLANG_WARN_BOOL_CONVERSION = YES;
				CLANG_WARN_COMMA = YES;
				CLANG_WARN_CONSTANT_CONVERSION = YES;
				CLANG_WARN_DEPRECATED_OBJC_IMPLEMENTATIONS = YES;
				CLANG_WARN_DIRECT_OBJC_ISA_USAGE = YES_ERROR;
				CLANG_WARN_DOCUMENTATION_COMMENTS = YES;
				CLANG_WARN_EMPTY_BODY = YES;
				CLANG_WARN_ENUM_CONVERSION = YES;
				CLANG_WARN_INFINITE_RECURSION = YES;
				CLANG_WARN_INT_CONVERSION = YES;
				CLANG_WARN_NON_LITERAL_NULL_CONVERSION = YES;
				CLANG_WARN_OBJC_IMPLICIT_RETAIN_SELF = YES;
				CLANG_WARN_OBJC_LITERAL_CONVERSION = YES;
				CLANG_WARN_OBJC_ROOT_CLASS = YES_ERROR;
				CLANG_WARN_RANGE_LOOP_ANALYSIS = YES;
				CLANG_WARN_STRICT_PROTOTYPES = YES;
				CLANG_WARN_SUSPICIOUS_MOVE = YES;
				CLANG_WARN_UNGUARDED_AVAILABILITY = YES_AGGRESSIVE;
				CLANG_WARN_UNREACHABLE_CODE = YES;
				CLANG_WARN__DUPLICATE_METHOD_MATCH = YES;
				CODE_SIGN_IDENTITY = "iPhone Developer";
				COPY_PHASE_STRIP = NO;
				DEBUG_INFORMATION_FORMAT = "dwarf-with-dsym";
				ENABLE_NS_ASSERTIONS = NO;
				ENABLE_STRICT_OBJC_MSGSEND = YES;
				GCC_C_LANGUAGE_STANDARD = gnu11;
				GCC_NO_COMMON_BLOCKS = YES;
				GCC_WARN_64_TO_32_BIT_CONVERSION = YES;
				GCC_WARN_ABOUT_RETURN_TYPE = YES_ERROR;
				GCC_WARN_UNDECLARED_SELECTOR = YES;
				GCC_WARN_UNINITIALIZED_AUTOS = YES_AGGRESSIVE;
				GCC_WARN_UNUSED_FUNCTION = YES;
				GCC_WARN_UNUSED_VARIABLE = YES;
				IPHONEOS_DEPLOYMENT_TARGET = 11.4;
				MTL_ENABLE_DEBUG_INFO = NO;
				SDKROOT = iphoneos;
				SWIFT_COMPILATION_MODE = wholemodule;
				SWIFT_OPTIMIZATION_LEVEL = "-O";
				VALIDATE_PRODUCT = YES;
			};
			name = Release;
		};
		9576B95220DE83F200D2E328 /* Debug */ = {
			isa = XCBuildConfiguration;
			buildSettings = {
				ASSETCATALOG_COMPILER_APPICON_NAME = AppIcon;
				CODE_SIGN_STYLE = Automatic;
				DEVELOPMENT_TEAM = 722FN4GS36;
				INFOPLIST_FILE = "MenuDemo/Supporting Files/Info.plist";
				LD_RUNPATH_SEARCH_PATHS = (
					"$(inherited)",
					"@executable_path/Frameworks",
				);
				PRODUCT_BUNDLE_IDENTIFIER = de.buildco.MenuDemo;
				PRODUCT_NAME = "$(TARGET_NAME)";
				SWIFT_VERSION = 4.0;
				TARGETED_DEVICE_FAMILY = "1,2";
			};
			name = Debug;
		};
		9576B95320DE83F200D2E328 /* Release */ = {
			isa = XCBuildConfiguration;
			buildSettings = {
				ASSETCATALOG_COMPILER_APPICON_NAME = AppIcon;
				CODE_SIGN_STYLE = Automatic;
				DEVELOPMENT_TEAM = 722FN4GS36;
				INFOPLIST_FILE = "MenuDemo/Supporting Files/Info.plist";
				LD_RUNPATH_SEARCH_PATHS = (
					"$(inherited)",
					"@executable_path/Frameworks",
				);
				PRODUCT_BUNDLE_IDENTIFIER = de.buildco.MenuDemo;
				PRODUCT_NAME = "$(TARGET_NAME)";
				SWIFT_VERSION = 4.0;
				TARGETED_DEVICE_FAMILY = "1,2";
			};
			name = Release;
		};
		9582E45320E2F9F6009CAAFA /* Debug */ = {
			isa = XCBuildConfiguration;
			buildSettings = {
				BUNDLE_LOADER = "$(TEST_HOST)";
				CODE_SIGN_STYLE = Automatic;
				DEVELOPMENT_TEAM = 722FN4GS36;
				INFOPLIST_FILE = MenuDemoTests/Info.plist;
				LD_RUNPATH_SEARCH_PATHS = (
					"$(inherited)",
					"@executable_path/Frameworks",
					"@loader_path/Frameworks",
				);
				PRODUCT_BUNDLE_IDENTIFIER = de.buildco.MenuDemoTests;
				PRODUCT_NAME = "$(TARGET_NAME)";
				SWIFT_VERSION = 4.0;
				TARGETED_DEVICE_FAMILY = "1,2";
				TEST_HOST = "$(BUILT_PRODUCTS_DIR)/MenuDemo.app/MenuDemo";
			};
			name = Debug;
		};
		9582E45420E2F9F6009CAAFA /* Release */ = {
			isa = XCBuildConfiguration;
			buildSettings = {
				BUNDLE_LOADER = "$(TEST_HOST)";
				CODE_SIGN_STYLE = Automatic;
				DEVELOPMENT_TEAM = 722FN4GS36;
				INFOPLIST_FILE = MenuDemoTests/Info.plist;
				LD_RUNPATH_SEARCH_PATHS = (
					"$(inherited)",
					"@executable_path/Frameworks",
					"@loader_path/Frameworks",
				);
				PRODUCT_BUNDLE_IDENTIFIER = de.buildco.MenuDemoTests;
				PRODUCT_NAME = "$(TARGET_NAME)";
				SWIFT_VERSION = 4.0;
				TARGETED_DEVICE_FAMILY = "1,2";
				TEST_HOST = "$(BUILT_PRODUCTS_DIR)/MenuDemo.app/MenuDemo";
			};
			name = Release;
		};
/* End XCBuildConfiguration section */

/* Begin XCConfigurationList section */
		9576B93A20DE83EC00D2E328 /* Build configuration list for PBXProject "MenuDemo" */ = {
			isa = XCConfigurationList;
			buildConfigurations = (
				9576B94F20DE83F200D2E328 /* Debug */,
				9576B95020DE83F200D2E328 /* Release */,
			);
			defaultConfigurationIsVisible = 0;
			defaultConfigurationName = Release;
		};
		9576B95120DE83F200D2E328 /* Build configuration list for PBXNativeTarget "MenuDemo" */ = {
			isa = XCConfigurationList;
			buildConfigurations = (
				9576B95220DE83F200D2E328 /* Debug */,
				9576B95320DE83F200D2E328 /* Release */,
			);
			defaultConfigurationIsVisible = 0;
			defaultConfigurationName = Release;
		};
		9582E45220E2F9F6009CAAFA /* Build configuration list for PBXNativeTarget "MenuDemoTests" */ = {
			isa = XCConfigurationList;
			buildConfigurations = (
				9582E45320E2F9F6009CAAFA /* Debug */,
				9582E45420E2F9F6009CAAFA /* Release */,
			);
			defaultConfigurationIsVisible = 0;
			defaultConfigurationName = Release;
		};
/* End XCConfigurationList section */

/* Begin XCVersionGroup section */
		95312EEB20E27B8A00132B4C /* Menu.xcdatamodeld */ = {
			isa = XCVersionGroup;
			children = (
				95312EEC20E27B8A00132B4C /* Menu.xcdatamodel */,
			);
			currentVersion = 95312EEC20E27B8A00132B4C /* Menu.xcdatamodel */;
			path = Menu.xcdatamodeld;
			sourceTree = "<group>";
			versionGroupType = wrapper.xcdatamodel;
		};
/* End XCVersionGroup section */
	};
	rootObject = 9576B93720DE83EC00D2E328 /* Project object */;
}
